
Microsoft Visual Studio Solution File, Format Version 12.00
# Visual Studio Version 16
VisualStudioVersion = 16.0.29209.62
MinimumVisualStudioVersion = 10.0.40219.1
Project("{FAE04EC0-301F-11D3-BF4B-00C04F79EFBC}") = "EMSAPI", "EMSAPI.csproj", "{C3D023CC-1DDB-45E3-A055-011B029E08F6}"
EndProject
Global
	GlobalSection(SolutionConfigurationPlatforms) = preSolution
		Debug|Any CPU = Debug|Any CPU
		Release|Any CPU = Release|Any CPU
	EndGlobalSection
	GlobalSection(ProjectConfigurationPlatforms) = postSolution
		{C3D023CC-1DDB-45E3-A055-011B029E08F6}.Debug|Any CPU.ActiveCfg = Debug|Any CPU
		{C3D023CC-1DDB-45E3-A055-011B029E08F6}.Debug|Any CPU.Build.0 = Debug|Any CPU
		{C3D023CC-1DDB-45E3-A055-011B029E08F6}.Release|Any CPU.ActiveCfg = Release|Any CPU
		{C3D023CC-1DDB-45E3-A055-011B029E08F6}.Release|Any CPU.Build.0 = Release|Any CPU
	EndGlobalSection
	GlobalSection(SolutionProperties) = preSolution
		HideSolutionNode = FALSE
	EndGlobalSection
	GlobalSection(ExtensibilityGlobals) = postSolution
		SolutionGuid = {BAFF696B-434A-4C82-85F1-DCFA3F065B13}
	EndGlobalSection
EndGlobal
